
Microsoft Visual Studio Solution File, Format Version 12.00
# Visual Studio Version 17
VisualStudioVersion = 17.3.32825.248
MinimumVisualStudioVersion = 10.0.40219.1
Project("{FAE04EC0-301F-11D3-BF4B-00C04F79EFBC}") = "ScreenCut", "ScreenCut.csproj", "{8E7C9FA3-9762-422A-8747-0607FF3C6E1F}"
EndProject
Global
	GlobalSection(SolutionConfigurationPlatforms) = preSolution
		Debug|Any CPU = Debug|Any CPU
		Release|Any CPU = Release|Any CPU
	EndGlobalSection
	GlobalSection(ProjectConfigurationPlatforms) = postSolution
		{8E7C9FA3-9762-422A-8747-0607FF3C6E1F}.Debug|Any CPU.ActiveCfg = Debug|Any CPU
		{8E7C9FA3-9762-422A-8747-0607FF3C6E1F}.Debug|Any CPU.Build.0 = Debug|Any CPU
		{8E7C9FA3-9762-422A-8747-0607FF3C6E1F}.Release|Any CPU.ActiveCfg = Release|Any CPU
		{8E7C9FA3-9762-422A-8747-0607FF3C6E1F}.Release|Any CPU.Build.0 = Release|Any CPU
	EndGlobalSection
	GlobalSection(SolutionProperties) = preSolution
		HideSolutionNode = FALSE
	EndGlobalSection
	GlobalSection(ExtensibilityGlobals) = postSolution
		SolutionGuid = {BC7CD1D3-781F-4FED-8AF2-3F2BF9B013D8}
	EndGlobalSection
EndGlobal
